// !$*UTF8*$!
{
	archiveVersion = 1;
	classes = {
	};
	objectVersion = 56;
	objects = {

/* Begin PBXBuildFile section */
		16020E4810860E5CB04DC0D4 /* Pods_movie_app_ios.framework in Frameworks */ = {isa = PBXBuildFile; fileRef = 4428217981F986F1B29D92BF /* Pods_movie_app_ios.framework */; };
		2935011713FB099886852FC5 /* Pods_movie_app_iosTests.framework in Frameworks */ = {isa = PBXBuildFile; fileRef = B159A42AA0F11E3068727006 /* Pods_movie_app_iosTests.framework */; };
		466C5D5E99480A4936814445 /* Pods_movie_app_ios_movie_app_iosUITests.framework in Frameworks */ = {isa = PBXBuildFile; fileRef = B6EC740C217EE4661A9D2604 /* Pods_movie_app_ios_movie_app_iosUITests.framework */; };
		6A07317C291EA21D00F8675C /* FilmDetails.swift in Sources */ = {isa = PBXBuildFile; fileRef = 6A07317B291EA21D00F8675C /* FilmDetails.swift */; };
		6A07317E291EB2CB00F8675C /* UIScreen+Extensions.swift in Sources */ = {isa = PBXBuildFile; fileRef = 6A07317D291EB2CB00F8675C /* UIScreen+Extensions.swift */; };
		6A073180291EB9DE00F8675C /* Navigator.swift in Sources */ = {isa = PBXBuildFile; fileRef = 6A07317F291EB9DE00F8675C /* Navigator.swift */; };
		6A07318329203E9600F8675C /* APIService.swift in Sources */ = {isa = PBXBuildFile; fileRef = 6A07318229203E9600F8675C /* APIService.swift */; };
		6A073186292040B200F8675C /* LoginParameters.swift in Sources */ = {isa = PBXBuildFile; fileRef = 6A073185292040B200F8675C /* LoginParameters.swift */; };
		6A0731882920447100F8675C /* RegisterParameters.swift in Sources */ = {isa = PBXBuildFile; fileRef = 6A0731872920447100F8675C /* RegisterParameters.swift */; };
		6A07318A292044F300F8675C /* AppError.swift in Sources */ = {isa = PBXBuildFile; fileRef = 6A073189292044F300F8675C /* AppError.swift */; };
		6A07318C29204D9C00F8675C /* AppToken.swift in Sources */ = {isa = PBXBuildFile; fileRef = 6A07318B29204D9C00F8675C /* AppToken.swift */; };
		6A07318E2921225400F8675C /* User.swift in Sources */ = {isa = PBXBuildFile; fileRef = 6A07318D2921225400F8675C /* User.swift */; };
		6A0731902921229C00F8675C /* Genre.swift in Sources */ = {isa = PBXBuildFile; fileRef = 6A07318F2921229C00F8675C /* Genre.swift */; };
		6A0731922921231A00F8675C /* Movie.swift in Sources */ = {isa = PBXBuildFile; fileRef = 6A0731912921231A00F8675C /* Movie.swift */; };
		6A0731942921277000F8675C /* LoginViewModel.swift in Sources */ = {isa = PBXBuildFile; fileRef = 6A0731932921277000F8675C /* LoginViewModel.swift */; };
		6A07319729214D0400F8675C /* KeychainHelper.swift in Sources */ = {isa = PBXBuildFile; fileRef = 6A07319629214D0400F8675C /* KeychainHelper.swift */; };
		6A07319929214EA700F8675C /* RegistrationViewModel.swift in Sources */ = {isa = PBXBuildFile; fileRef = 6A07319829214EA700F8675C /* RegistrationViewModel.swift */; };
		6A44AE35292D83EA005A25C4 /* PrimaryButton.swift in Sources */ = {isa = PBXBuildFile; fileRef = 6A44AE34292D83EA005A25C4 /* PrimaryButton.swift */; };
		6A44AE37292D8AEE005A25C4 /* TextInput.swift in Sources */ = {isa = PBXBuildFile; fileRef = 6A44AE36292D8AEE005A25C4 /* TextInput.swift */; };
		6A44AE39292D8D97005A25C4 /* SecuredTextInput.swift in Sources */ = {isa = PBXBuildFile; fileRef = 6A44AE38292D8D97005A25C4 /* SecuredTextInput.swift */; };
		6A44AE3D292D8F2C005A25C4 /* ProfileScreen.swift in Sources */ = {isa = PBXBuildFile; fileRef = 6A44AE3C292D8F2C005A25C4 /* ProfileScreen.swift */; };
		6A44AE3F292D8F33005A25C4 /* PreferencesScreen.swift in Sources */ = {isa = PBXBuildFile; fileRef = 6A44AE3E292D8F33005A25C4 /* PreferencesScreen.swift */; };
		6A44AE41292D9611005A25C4 /* ProfileViewModel.swift in Sources */ = {isa = PBXBuildFile; fileRef = 6A44AE40292D9611005A25C4 /* ProfileViewModel.swift */; };
		6A670E0429373AB200894D38 /* FilmDetailsViewModel.swift in Sources */ = {isa = PBXBuildFile; fileRef = 6A670E0329373AB200894D38 /* FilmDetailsViewModel.swift */; };
		6A670E0629373C2D00894D38 /* PreferencesViewModel.swift in Sources */ = {isa = PBXBuildFile; fileRef = 6A670E0529373C2D00894D38 /* PreferencesViewModel.swift */; };
		6A7274DF2939455A002E5172 /* DefaultsHelper.swift in Sources */ = {isa = PBXBuildFile; fileRef = 6A7274DE2939455A002E5172 /* DefaultsHelper.swift */; };
		6AAACD40291ADD4400A4A0A6 /* AppConstants.swift in Sources */ = {isa = PBXBuildFile; fileRef = 6AAACD3F291ADD4400A4A0A6 /* AppConstants.swift */; };
		6AAACD4E291C111F00A4A0A6 /* SF-Pro-Rounded-Semibold.otf in Resources */ = {isa = PBXBuildFile; fileRef = 6AAACD45291C111F00A4A0A6 /* SF-Pro-Rounded-Semibold.otf */; };
		6AAACD4F291C111F00A4A0A6 /* SF-Pro-Rounded-Regular.otf in Resources */ = {isa = PBXBuildFile; fileRef = 6AAACD46291C111F00A4A0A6 /* SF-Pro-Rounded-Regular.otf */; };
		6AAACD50291C111F00A4A0A6 /* SF-Pro-Rounded-Black.otf in Resources */ = {isa = PBXBuildFile; fileRef = 6AAACD47291C111F00A4A0A6 /* SF-Pro-Rounded-Black.otf */; };
		6AAACD51291C111F00A4A0A6 /* SF-Pro-Rounded-Light.otf in Resources */ = {isa = PBXBuildFile; fileRef = 6AAACD48291C111F00A4A0A6 /* SF-Pro-Rounded-Light.otf */; };
		6AAACD52291C111F00A4A0A6 /* SF-Pro-Rounded-Thin.otf in Resources */ = {isa = PBXBuildFile; fileRef = 6AAACD49291C111F00A4A0A6 /* SF-Pro-Rounded-Thin.otf */; };
		6AAACD53291C111F00A4A0A6 /* SF-Pro-Rounded-Medium.otf in Resources */ = {isa = PBXBuildFile; fileRef = 6AAACD4A291C111F00A4A0A6 /* SF-Pro-Rounded-Medium.otf */; };
		6AAACD54291C111F00A4A0A6 /* SF-Pro-Rounded-Ultralight.otf in Resources */ = {isa = PBXBuildFile; fileRef = 6AAACD4B291C111F00A4A0A6 /* SF-Pro-Rounded-Ultralight.otf */; };
		6AAACD55291C111F00A4A0A6 /* SF-Pro-Rounded-Heavy.otf in Resources */ = {isa = PBXBuildFile; fileRef = 6AAACD4C291C111F00A4A0A6 /* SF-Pro-Rounded-Heavy.otf */; };
		6AAACD56291C111F00A4A0A6 /* SF-Pro-Rounded-Bold.otf in Resources */ = {isa = PBXBuildFile; fileRef = 6AAACD4D291C111F00A4A0A6 /* SF-Pro-Rounded-Bold.otf */; };
		6AAACD58291C11D100A4A0A6 /* Fonts.swift in Sources */ = {isa = PBXBuildFile; fileRef = 6AAACD57291C11D100A4A0A6 /* Fonts.swift */; };
		6AAACD5E291C23F600A4A0A6 /* View+Extensions.swift in Sources */ = {isa = PBXBuildFile; fileRef = 6AAACD5D291C23F600A4A0A6 /* View+Extensions.swift */; };
		6AAACD60291C24DF00A4A0A6 /* LoginScreen.swift in Sources */ = {isa = PBXBuildFile; fileRef = 6AAACD5F291C24DF00A4A0A6 /* LoginScreen.swift */; };
		6AAACD65291C32F500A4A0A6 /* RegistrationScreen.swift in Sources */ = {isa = PBXBuildFile; fileRef = 6AAACD64291C32F500A4A0A6 /* RegistrationScreen.swift */; };
		6ACD0235291C35FD00DE331B /* HomeScreen.swift in Sources */ = {isa = PBXBuildFile; fileRef = 6ACD0234291C35FD00DE331B /* HomeScreen.swift */; };
		6ACD0238291C3C4E00DE331B /* FilmCarousel.swift in Sources */ = {isa = PBXBuildFile; fileRef = 6ACD0237291C3C4E00DE331B /* FilmCarousel.swift */; };
		6ACD023A291C3EB300DE331B /* HomeViewModel.swift in Sources */ = {isa = PBXBuildFile; fileRef = 6ACD0239291C3EB300DE331B /* HomeViewModel.swift */; };
		6ACD023D291C3FC200DE331B /* Film.swift in Sources */ = {isa = PBXBuildFile; fileRef = 6ACD023C291C3FC200DE331B /* Film.swift */; };
		6AE7E60028FC674D007D5F40 /* Assets.xcassets in Resources */ = {isa = PBXBuildFile; fileRef = 6AE7E5FF28FC674D007D5F40 /* Assets.xcassets */; };
		6AE7E60728FC6897007D5F40 /* LandingScreen.swift in Sources */ = {isa = PBXBuildFile; fileRef = 6AE7E60628FC6897007D5F40 /* LandingScreen.swift */; };
		6AE7E60A28FC69D1007D5F40 /* Colors.xcassets in Resources */ = {isa = PBXBuildFile; fileRef = 6AE7E60928FC69D1007D5F40 /* Colors.xcassets */; };
		6AE7E61828FC7047007D5F40 /* Assets.swift in Sources */ = {isa = PBXBuildFile; fileRef = 6AE7E61728FC7047007D5F40 /* Assets.swift */; };
		6AFC595328FC59F30067D4BE /* MovieApp.swift in Sources */ = {isa = PBXBuildFile; fileRef = 6AFC595228FC59F30067D4BE /* MovieApp.swift */; };
		6AFC595B28FC59F40067D4BE /* Preview Assets.xcassets in Resources */ = {isa = PBXBuildFile; fileRef = 6AFC595A28FC59F40067D4BE /* Preview Assets.xcassets */; };
		6AFC596528FC59F40067D4BE /* movie_app_iosTests.swift in Sources */ = {isa = PBXBuildFile; fileRef = 6AFC596428FC59F40067D4BE /* movie_app_iosTests.swift */; };
		6AFC596F28FC59F40067D4BE /* movie_app_iosUITests.swift in Sources */ = {isa = PBXBuildFile; fileRef = 6AFC596E28FC59F40067D4BE /* movie_app_iosUITests.swift */; };
		6AFC597128FC59F40067D4BE /* movie_app_iosUITestsLaunchTests.swift in Sources */ = {isa = PBXBuildFile; fileRef = 6AFC597028FC59F40067D4BE /* movie_app_iosUITestsLaunchTests.swift */; };
/* End PBXBuildFile section */

/* Begin PBXContainerItemProxy section */
		6AFC596128FC59F40067D4BE /* PBXContainerItemProxy */ = {
			isa = PBXContainerItemProxy;
			containerPortal = 6AFC594728FC59F30067D4BE /* Project object */;
			proxyType = 1;
			remoteGlobalIDString = 6AFC594E28FC59F30067D4BE;
			remoteInfo = "movie-app-ios";
		};
		6AFC596B28FC59F40067D4BE /* PBXContainerItemProxy */ = {
			isa = PBXContainerItemProxy;
			containerPortal = 6AFC594728FC59F30067D4BE /* Project object */;
			proxyType = 1;
			remoteGlobalIDString = 6AFC594E28FC59F30067D4BE;
			remoteInfo = "movie-app-ios";
		};
/* End PBXContainerItemProxy section */

/* Begin PBXFileReference section */
		2739BD8EF98AB51F43CCB806 /* Pods-movie-app-iosTests.release.xcconfig */ = {isa = PBXFileReference; includeInIndex = 1; lastKnownFileType = text.xcconfig; name = "Pods-movie-app-iosTests.release.xcconfig"; path = "Target Support Files/Pods-movie-app-iosTests/Pods-movie-app-iosTests.release.xcconfig"; sourceTree = "<group>"; };
		4428217981F986F1B29D92BF /* Pods_movie_app_ios.framework */ = {isa = PBXFileReference; explicitFileType = wrapper.framework; includeInIndex = 0; path = Pods_movie_app_ios.framework; sourceTree = BUILT_PRODUCTS_DIR; };
		6A07317B291EA21D00F8675C /* FilmDetails.swift */ = {isa = PBXFileReference; lastKnownFileType = sourcecode.swift; path = FilmDetails.swift; sourceTree = "<group>"; };
		6A07317D291EB2CB00F8675C /* UIScreen+Extensions.swift */ = {isa = PBXFileReference; lastKnownFileType = sourcecode.swift; path = "UIScreen+Extensions.swift"; sourceTree = "<group>"; };
		6A07317F291EB9DE00F8675C /* Navigator.swift */ = {isa = PBXFileReference; lastKnownFileType = sourcecode.swift; path = Navigator.swift; sourceTree = "<group>"; };
		6A07318229203E9600F8675C /* APIService.swift */ = {isa = PBXFileReference; lastKnownFileType = sourcecode.swift; path = APIService.swift; sourceTree = "<group>"; };
		6A073185292040B200F8675C /* LoginParameters.swift */ = {isa = PBXFileReference; lastKnownFileType = sourcecode.swift; path = LoginParameters.swift; sourceTree = "<group>"; };
		6A0731872920447100F8675C /* RegisterParameters.swift */ = {isa = PBXFileReference; lastKnownFileType = sourcecode.swift; path = RegisterParameters.swift; sourceTree = "<group>"; };
		6A073189292044F300F8675C /* AppError.swift */ = {isa = PBXFileReference; lastKnownFileType = sourcecode.swift; path = AppError.swift; sourceTree = "<group>"; };
		6A07318B29204D9C00F8675C /* AppToken.swift */ = {isa = PBXFileReference; lastKnownFileType = sourcecode.swift; path = AppToken.swift; sourceTree = "<group>"; };
		6A07318D2921225400F8675C /* User.swift */ = {isa = PBXFileReference; lastKnownFileType = sourcecode.swift; path = User.swift; sourceTree = "<group>"; };
		6A07318F2921229C00F8675C /* Genre.swift */ = {isa = PBXFileReference; lastKnownFileType = sourcecode.swift; path = Genre.swift; sourceTree = "<group>"; };
		6A0731912921231A00F8675C /* Movie.swift */ = {isa = PBXFileReference; lastKnownFileType = sourcecode.swift; path = Movie.swift; sourceTree = "<group>"; };
		6A0731932921277000F8675C /* LoginViewModel.swift */ = {isa = PBXFileReference; lastKnownFileType = sourcecode.swift; path = LoginViewModel.swift; sourceTree = "<group>"; };
		6A07319629214D0400F8675C /* KeychainHelper.swift */ = {isa = PBXFileReference; lastKnownFileType = sourcecode.swift; path = KeychainHelper.swift; sourceTree = "<group>"; };
		6A07319829214EA700F8675C /* RegistrationViewModel.swift */ = {isa = PBXFileReference; lastKnownFileType = sourcecode.swift; path = RegistrationViewModel.swift; sourceTree = "<group>"; };
		6A44AE34292D83EA005A25C4 /* PrimaryButton.swift */ = {isa = PBXFileReference; lastKnownFileType = sourcecode.swift; path = PrimaryButton.swift; sourceTree = "<group>"; };
		6A44AE36292D8AEE005A25C4 /* TextInput.swift */ = {isa = PBXFileReference; lastKnownFileType = sourcecode.swift; path = TextInput.swift; sourceTree = "<group>"; };
		6A44AE38292D8D97005A25C4 /* SecuredTextInput.swift */ = {isa = PBXFileReference; lastKnownFileType = sourcecode.swift; path = SecuredTextInput.swift; sourceTree = "<group>"; };
		6A44AE3C292D8F2C005A25C4 /* ProfileScreen.swift */ = {isa = PBXFileReference; lastKnownFileType = sourcecode.swift; path = ProfileScreen.swift; sourceTree = "<group>"; };
		6A44AE3E292D8F33005A25C4 /* PreferencesScreen.swift */ = {isa = PBXFileReference; lastKnownFileType = sourcecode.swift; path = PreferencesScreen.swift; sourceTree = "<group>"; };
		6A44AE40292D9611005A25C4 /* ProfileViewModel.swift */ = {isa = PBXFileReference; lastKnownFileType = sourcecode.swift; path = ProfileViewModel.swift; sourceTree = "<group>"; };
		6A670E0329373AB200894D38 /* FilmDetailsViewModel.swift */ = {isa = PBXFileReference; lastKnownFileType = sourcecode.swift; path = FilmDetailsViewModel.swift; sourceTree = "<group>"; };
		6A670E0529373C2D00894D38 /* PreferencesViewModel.swift */ = {isa = PBXFileReference; lastKnownFileType = sourcecode.swift; path = PreferencesViewModel.swift; sourceTree = "<group>"; };
		6A7274DE2939455A002E5172 /* DefaultsHelper.swift */ = {isa = PBXFileReference; lastKnownFileType = sourcecode.swift; path = DefaultsHelper.swift; sourceTree = "<group>"; };
		6AAACD3F291ADD4400A4A0A6 /* AppConstants.swift */ = {isa = PBXFileReference; lastKnownFileType = sourcecode.swift; path = AppConstants.swift; sourceTree = "<group>"; };
		6AAACD45291C111F00A4A0A6 /* SF-Pro-Rounded-Semibold.otf */ = {isa = PBXFileReference; lastKnownFileType = file; path = "SF-Pro-Rounded-Semibold.otf"; sourceTree = "<group>"; };
		6AAACD46291C111F00A4A0A6 /* SF-Pro-Rounded-Regular.otf */ = {isa = PBXFileReference; lastKnownFileType = file; path = "SF-Pro-Rounded-Regular.otf"; sourceTree = "<group>"; };
		6AAACD47291C111F00A4A0A6 /* SF-Pro-Rounded-Black.otf */ = {isa = PBXFileReference; lastKnownFileType = file; path = "SF-Pro-Rounded-Black.otf"; sourceTree = "<group>"; };
		6AAACD48291C111F00A4A0A6 /* SF-Pro-Rounded-Light.otf */ = {isa = PBXFileReference; lastKnownFileType = file; path = "SF-Pro-Rounded-Light.otf"; sourceTree = "<group>"; };
		6AAACD49291C111F00A4A0A6 /* SF-Pro-Rounded-Thin.otf */ = {isa = PBXFileReference; lastKnownFileType = file; path = "SF-Pro-Rounded-Thin.otf"; sourceTree = "<group>"; };
		6AAACD4A291C111F00A4A0A6 /* SF-Pro-Rounded-Medium.otf */ = {isa = PBXFileReference; lastKnownFileType = file; path = "SF-Pro-Rounded-Medium.otf"; sourceTree = "<group>"; };
		6AAACD4B291C111F00A4A0A6 /* SF-Pro-Rounded-Ultralight.otf */ = {isa = PBXFileReference; lastKnownFileType = file; path = "SF-Pro-Rounded-Ultralight.otf"; sourceTree = "<group>"; };
		6AAACD4C291C111F00A4A0A6 /* SF-Pro-Rounded-Heavy.otf */ = {isa = PBXFileReference; lastKnownFileType = file; path = "SF-Pro-Rounded-Heavy.otf"; sourceTree = "<group>"; };
		6AAACD4D291C111F00A4A0A6 /* SF-Pro-Rounded-Bold.otf */ = {isa = PBXFileReference; lastKnownFileType = file; path = "SF-Pro-Rounded-Bold.otf"; sourceTree = "<group>"; };
		6AAACD57291C11D100A4A0A6 /* Fonts.swift */ = {isa = PBXFileReference; fileEncoding = 4; lastKnownFileType = sourcecode.swift; path = Fonts.swift; sourceTree = "<group>"; };
		6AAACD5D291C23F600A4A0A6 /* View+Extensions.swift */ = {isa = PBXFileReference; lastKnownFileType = sourcecode.swift; path = "View+Extensions.swift"; sourceTree = "<group>"; };
		6AAACD5F291C24DF00A4A0A6 /* LoginScreen.swift */ = {isa = PBXFileReference; fileEncoding = 4; lastKnownFileType = sourcecode.swift; path = LoginScreen.swift; sourceTree = "<group>"; };
		6AAACD64291C32F500A4A0A6 /* RegistrationScreen.swift */ = {isa = PBXFileReference; lastKnownFileType = sourcecode.swift; path = RegistrationScreen.swift; sourceTree = "<group>"; };
		6ACD0234291C35FD00DE331B /* HomeScreen.swift */ = {isa = PBXFileReference; lastKnownFileType = sourcecode.swift; path = HomeScreen.swift; sourceTree = "<group>"; };
		6ACD0237291C3C4E00DE331B /* FilmCarousel.swift */ = {isa = PBXFileReference; lastKnownFileType = sourcecode.swift; path = FilmCarousel.swift; sourceTree = "<group>"; };
		6ACD0239291C3EB300DE331B /* HomeViewModel.swift */ = {isa = PBXFileReference; lastKnownFileType = sourcecode.swift; path = HomeViewModel.swift; sourceTree = "<group>"; };
		6ACD023C291C3FC200DE331B /* Film.swift */ = {isa = PBXFileReference; lastKnownFileType = sourcecode.swift; path = Film.swift; sourceTree = "<group>"; };
		6AE7E5FF28FC674D007D5F40 /* Assets.xcassets */ = {isa = PBXFileReference; lastKnownFileType = folder.assetcatalog; path = Assets.xcassets; sourceTree = "<group>"; };
		6AE7E60628FC6897007D5F40 /* LandingScreen.swift */ = {isa = PBXFileReference; lastKnownFileType = sourcecode.swift; path = LandingScreen.swift; sourceTree = "<group>"; };
		6AE7E60928FC69D1007D5F40 /* Colors.xcassets */ = {isa = PBXFileReference; lastKnownFileType = folder.assetcatalog; path = Colors.xcassets; sourceTree = "<group>"; };
		6AE7E61728FC7047007D5F40 /* Assets.swift */ = {isa = PBXFileReference; fileEncoding = 4; lastKnownFileType = sourcecode.swift; path = Assets.swift; sourceTree = "<group>"; };
		6AFC594F28FC59F30067D4BE /* movie-app-ios.app */ = {isa = PBXFileReference; explicitFileType = wrapper.application; includeInIndex = 0; path = "movie-app-ios.app"; sourceTree = BUILT_PRODUCTS_DIR; };
		6AFC595228FC59F30067D4BE /* MovieApp.swift */ = {isa = PBXFileReference; lastKnownFileType = sourcecode.swift; path = MovieApp.swift; sourceTree = "<group>"; };
		6AFC595828FC59F40067D4BE /* movie_app_ios.entitlements */ = {isa = PBXFileReference; lastKnownFileType = text.plist.entitlements; path = movie_app_ios.entitlements; sourceTree = "<group>"; };
		6AFC595A28FC59F40067D4BE /* Preview Assets.xcassets */ = {isa = PBXFileReference; lastKnownFileType = folder.assetcatalog; path = "Preview Assets.xcassets"; sourceTree = "<group>"; };
		6AFC596028FC59F40067D4BE /* movie-app-iosTests.xctest */ = {isa = PBXFileReference; explicitFileType = wrapper.cfbundle; includeInIndex = 0; path = "movie-app-iosTests.xctest"; sourceTree = BUILT_PRODUCTS_DIR; };
		6AFC596428FC59F40067D4BE /* movie_app_iosTests.swift */ = {isa = PBXFileReference; lastKnownFileType = sourcecode.swift; path = movie_app_iosTests.swift; sourceTree = "<group>"; };
		6AFC596A28FC59F40067D4BE /* movie-app-iosUITests.xctest */ = {isa = PBXFileReference; explicitFileType = wrapper.cfbundle; includeInIndex = 0; path = "movie-app-iosUITests.xctest"; sourceTree = BUILT_PRODUCTS_DIR; };
		6AFC596E28FC59F40067D4BE /* movie_app_iosUITests.swift */ = {isa = PBXFileReference; lastKnownFileType = sourcecode.swift; path = movie_app_iosUITests.swift; sourceTree = "<group>"; };
		6AFC597028FC59F40067D4BE /* movie_app_iosUITestsLaunchTests.swift */ = {isa = PBXFileReference; lastKnownFileType = sourcecode.swift; path = movie_app_iosUITestsLaunchTests.swift; sourceTree = "<group>"; };
		6CB3B2AF02171FDBD03914AE /* Pods-movie-app-ios-movie-app-iosUITests.release.xcconfig */ = {isa = PBXFileReference; includeInIndex = 1; lastKnownFileType = text.xcconfig; name = "Pods-movie-app-ios-movie-app-iosUITests.release.xcconfig"; path = "Target Support Files/Pods-movie-app-ios-movie-app-iosUITests/Pods-movie-app-ios-movie-app-iosUITests.release.xcconfig"; sourceTree = "<group>"; };
		8FCE720949847D9E28FD25F9 /* Pods-movie-app-iosTests.debug.xcconfig */ = {isa = PBXFileReference; includeInIndex = 1; lastKnownFileType = text.xcconfig; name = "Pods-movie-app-iosTests.debug.xcconfig"; path = "Target Support Files/Pods-movie-app-iosTests/Pods-movie-app-iosTests.debug.xcconfig"; sourceTree = "<group>"; };
		B159A42AA0F11E3068727006 /* Pods_movie_app_iosTests.framework */ = {isa = PBXFileReference; explicitFileType = wrapper.framework; includeInIndex = 0; path = Pods_movie_app_iosTests.framework; sourceTree = BUILT_PRODUCTS_DIR; };
		B6EC740C217EE4661A9D2604 /* Pods_movie_app_ios_movie_app_iosUITests.framework */ = {isa = PBXFileReference; explicitFileType = wrapper.framework; includeInIndex = 0; path = Pods_movie_app_ios_movie_app_iosUITests.framework; sourceTree = BUILT_PRODUCTS_DIR; };
		CDC4067D2C8B37417E496AA3 /* Pods-movie-app-ios.release.xcconfig */ = {isa = PBXFileReference; includeInIndex = 1; lastKnownFileType = text.xcconfig; name = "Pods-movie-app-ios.release.xcconfig"; path = "Target Support Files/Pods-movie-app-ios/Pods-movie-app-ios.release.xcconfig"; sourceTree = "<group>"; };
		DEA9F80E306014D0E9A0A8E9 /* Pods-movie-app-ios-movie-app-iosUITests.debug.xcconfig */ = {isa = PBXFileReference; includeInIndex = 1; lastKnownFileType = text.xcconfig; name = "Pods-movie-app-ios-movie-app-iosUITests.debug.xcconfig"; path = "Target Support Files/Pods-movie-app-ios-movie-app-iosUITests/Pods-movie-app-ios-movie-app-iosUITests.debug.xcconfig"; sourceTree = "<group>"; };
		F4AB03E0F43BE6CFED1E9512 /* Pods-movie-app-ios.debug.xcconfig */ = {isa = PBXFileReference; includeInIndex = 1; lastKnownFileType = text.xcconfig; name = "Pods-movie-app-ios.debug.xcconfig"; path = "Target Support Files/Pods-movie-app-ios/Pods-movie-app-ios.debug.xcconfig"; sourceTree = "<group>"; };
/* End PBXFileReference section */

/* Begin PBXFrameworksBuildPhase section */
		6AFC594C28FC59F30067D4BE /* Frameworks */ = {
			isa = PBXFrameworksBuildPhase;
			buildActionMask = 2147483647;
			files = (
				16020E4810860E5CB04DC0D4 /* Pods_movie_app_ios.framework in Frameworks */,
			);
			runOnlyForDeploymentPostprocessing = 0;
		};
		6AFC595D28FC59F40067D4BE /* Frameworks */ = {
			isa = PBXFrameworksBuildPhase;
			buildActionMask = 2147483647;
			files = (
				2935011713FB099886852FC5 /* Pods_movie_app_iosTests.framework in Frameworks */,
			);
			runOnlyForDeploymentPostprocessing = 0;
		};
		6AFC596728FC59F40067D4BE /* Frameworks */ = {
			isa = PBXFrameworksBuildPhase;
			buildActionMask = 2147483647;
			files = (
				466C5D5E99480A4936814445 /* Pods_movie_app_ios_movie_app_iosUITests.framework in Frameworks */,
			);
			runOnlyForDeploymentPostprocessing = 0;
		};
/* End PBXFrameworksBuildPhase section */

/* Begin PBXGroup section */
		3783C19DD7042EE50054B9C1 /* Frameworks */ = {
			isa = PBXGroup;
			children = (
				4428217981F986F1B29D92BF /* Pods_movie_app_ios.framework */,
				B6EC740C217EE4661A9D2604 /* Pods_movie_app_ios_movie_app_iosUITests.framework */,
				B159A42AA0F11E3068727006 /* Pods_movie_app_iosTests.framework */,
			);
			name = Frameworks;
			sourceTree = "<group>";
		};
		693A599FE7C237D8E042A90F /* Pods */ = {
			isa = PBXGroup;
			children = (
				F4AB03E0F43BE6CFED1E9512 /* Pods-movie-app-ios.debug.xcconfig */,
				CDC4067D2C8B37417E496AA3 /* Pods-movie-app-ios.release.xcconfig */,
				DEA9F80E306014D0E9A0A8E9 /* Pods-movie-app-ios-movie-app-iosUITests.debug.xcconfig */,
				6CB3B2AF02171FDBD03914AE /* Pods-movie-app-ios-movie-app-iosUITests.release.xcconfig */,
				8FCE720949847D9E28FD25F9 /* Pods-movie-app-iosTests.debug.xcconfig */,
				2739BD8EF98AB51F43CCB806 /* Pods-movie-app-iosTests.release.xcconfig */,
			);
			path = Pods;
			sourceTree = "<group>";
		};
		6A07317A291EA1FD00F8675C /* FilmDetails */ = {
			isa = PBXGroup;
			children = (
				6A07317B291EA21D00F8675C /* FilmDetails.swift */,
				6A670E0329373AB200894D38 /* FilmDetailsViewModel.swift */,
			);
			path = FilmDetails;
			sourceTree = "<group>";
		};
		6A07318129203D6700F8675C /* Networking */ = {
			isa = PBXGroup;
			children = (
				6A07318229203E9600F8675C /* APIService.swift */,
			);
			path = Networking;
			sourceTree = "<group>";
		};
		6A07319529214CDD00F8675C /* Helpers */ = {
			isa = PBXGroup;
			children = (
				6A07319629214D0400F8675C /* KeychainHelper.swift */,
				6A7274DE2939455A002E5172 /* DefaultsHelper.swift */,
			);
			path = Helpers;
			sourceTree = "<group>";
		};
		6A44AE3A292D8F15005A25C4 /* Preferences */ = {
			isa = PBXGroup;
			children = (
				6A44AE3E292D8F33005A25C4 /* PreferencesScreen.swift */,
				6A670E0529373C2D00894D38 /* PreferencesViewModel.swift */,
			);
			path = Preferences;
			sourceTree = "<group>";
		};
		6A44AE3B292D8F1B005A25C4 /* Profile */ = {
			isa = PBXGroup;
			children = (
				6A44AE3C292D8F2C005A25C4 /* ProfileScreen.swift */,
				6A44AE40292D9611005A25C4 /* ProfileViewModel.swift */,
			);
			path = Profile;
			sourceTree = "<group>";
		};
		6AAACD43291C111F00A4A0A6 /* Fonts */ = {
			isa = PBXGroup;
			children = (
				6AAACD44291C111F00A4A0A6 /* SFPro */,
			);
			path = Fonts;
			sourceTree = "<group>";
		};
		6AAACD44291C111F00A4A0A6 /* SFPro */ = {
			isa = PBXGroup;
			children = (
				6AAACD45291C111F00A4A0A6 /* SF-Pro-Rounded-Semibold.otf */,
				6AAACD46291C111F00A4A0A6 /* SF-Pro-Rounded-Regular.otf */,
				6AAACD47291C111F00A4A0A6 /* SF-Pro-Rounded-Black.otf */,
				6AAACD48291C111F00A4A0A6 /* SF-Pro-Rounded-Light.otf */,
				6AAACD49291C111F00A4A0A6 /* SF-Pro-Rounded-Thin.otf */,
				6AAACD4A291C111F00A4A0A6 /* SF-Pro-Rounded-Medium.otf */,
				6AAACD4B291C111F00A4A0A6 /* SF-Pro-Rounded-Ultralight.otf */,
				6AAACD4C291C111F00A4A0A6 /* SF-Pro-Rounded-Heavy.otf */,
				6AAACD4D291C111F00A4A0A6 /* SF-Pro-Rounded-Bold.otf */,
			);
			path = SFPro;
			sourceTree = "<group>";
		};
		6AAACD59291C169800A4A0A6 /* Login */ = {
			isa = PBXGroup;
			children = (
				6AAACD5F291C24DF00A4A0A6 /* LoginScreen.swift */,
				6A0731932921277000F8675C /* LoginViewModel.swift */,
			);
			path = Login;
			sourceTree = "<group>";
		};
		6AAACD5C291C23E200A4A0A6 /* Extensions */ = {
			isa = PBXGroup;
			children = (
				6AAACD5D291C23F600A4A0A6 /* View+Extensions.swift */,
				6A07317D291EB2CB00F8675C /* UIScreen+Extensions.swift */,
			);
			path = Extensions;
			sourceTree = "<group>";
		};
		6AAACD61291C32DD00A4A0A6 /* Registration */ = {
			isa = PBXGroup;
			children = (
				6AAACD64291C32F500A4A0A6 /* RegistrationScreen.swift */,
				6A07319829214EA700F8675C /* RegistrationViewModel.swift */,
			);
			path = Registration;
			sourceTree = "<group>";
		};
		6ACD0231291C35BA00DE331B /* Onboarding */ = {
			isa = PBXGroup;
			children = (
				6AAACD61291C32DD00A4A0A6 /* Registration */,
				6AAACD59291C169800A4A0A6 /* Login */,
				6AE7E60328FC6870007D5F40 /* Landing */,
			);
			path = Onboarding;
			sourceTree = "<group>";
		};
		6ACD0232291C35EE00DE331B /* Dashboard */ = {
			isa = PBXGroup;
			children = (
				6A44AE3B292D8F1B005A25C4 /* Profile */,
				6A44AE3A292D8F15005A25C4 /* Preferences */,
				6A07317A291EA1FD00F8675C /* FilmDetails */,
				6ACD0233291C35F600DE331B /* Home */,
				6A07317F291EB9DE00F8675C /* Navigator.swift */,
			);
			path = Dashboard;
			sourceTree = "<group>";
		};
		6ACD0233291C35F600DE331B /* Home */ = {
			isa = PBXGroup;
			children = (
				6ACD0234291C35FD00DE331B /* HomeScreen.swift */,
				6ACD0239291C3EB300DE331B /* HomeViewModel.swift */,
			);
			path = Home;
			sourceTree = "<group>";
		};
		6ACD0236291C3C2D00DE331B /* Components */ = {
			isa = PBXGroup;
			children = (
				6ACD0237291C3C4E00DE331B /* FilmCarousel.swift */,
				6A44AE34292D83EA005A25C4 /* PrimaryButton.swift */,
				6A44AE36292D8AEE005A25C4 /* TextInput.swift */,
				6A44AE38292D8D97005A25C4 /* SecuredTextInput.swift */,
			);
			path = Components;
			sourceTree = "<group>";
		};
		6ACD023B291C3FB500DE331B /* Models */ = {
			isa = PBXGroup;
			children = (
				6A073185292040B200F8675C /* LoginParameters.swift */,
				6A0731872920447100F8675C /* RegisterParameters.swift */,
				6ACD023C291C3FC200DE331B /* Film.swift */,
				6A073189292044F300F8675C /* AppError.swift */,
				6A07318B29204D9C00F8675C /* AppToken.swift */,
				6A07318D2921225400F8675C /* User.swift */,
				6A07318F2921229C00F8675C /* Genre.swift */,
				6A0731912921231A00F8675C /* Movie.swift */,
			);
			path = Models;
			sourceTree = "<group>";
		};
		6AE7E5FE28FC674D007D5F40 /* Assets */ = {
			isa = PBXGroup;
			children = (
				6AAACD43291C111F00A4A0A6 /* Fonts */,
				6AE7E60B28FC6A95007D5F40 /* Generated */,
				6AE7E5FF28FC674D007D5F40 /* Assets.xcassets */,
				6AE7E60928FC69D1007D5F40 /* Colors.xcassets */,
				6AAACD3F291ADD4400A4A0A6 /* AppConstants.swift */,
			);
			path = Assets;
			sourceTree = "<group>";
		};
		6AE7E60128FC679E007D5F40 /* Modules */ = {
			isa = PBXGroup;
			children = (
				6ACD0232291C35EE00DE331B /* Dashboard */,
				6ACD0231291C35BA00DE331B /* Onboarding */,
			);
			path = Modules;
			sourceTree = "<group>";
		};
		6AE7E60228FC6802007D5F40 /* Preview Content */ = {
			isa = PBXGroup;
			children = (
				6AFC595A28FC59F40067D4BE /* Preview Assets.xcassets */,
			);
			path = "Preview Content";
			sourceTree = "<group>";
		};
		6AE7E60328FC6870007D5F40 /* Landing */ = {
			isa = PBXGroup;
			children = (
				6AE7E60628FC6897007D5F40 /* LandingScreen.swift */,
			);
			path = Landing;
			sourceTree = "<group>";
		};
		6AE7E60B28FC6A95007D5F40 /* Generated */ = {
			isa = PBXGroup;
			children = (
				6AAACD57291C11D100A4A0A6 /* Fonts.swift */,
				6AE7E61728FC7047007D5F40 /* Assets.swift */,
			);
			path = Generated;
			sourceTree = "<group>";
		};
		6AFC594628FC59F30067D4BE = {
			isa = PBXGroup;
			children = (
				6AFC595128FC59F30067D4BE /* movie-app-ios */,
				6AFC596328FC59F40067D4BE /* movie-app-iosTests */,
				6AFC596D28FC59F40067D4BE /* movie-app-iosUITests */,
				6AFC595028FC59F30067D4BE /* Products */,
				693A599FE7C237D8E042A90F /* Pods */,
				3783C19DD7042EE50054B9C1 /* Frameworks */,
			);
			sourceTree = "<group>";
		};
		6AFC595028FC59F30067D4BE /* Products */ = {
			isa = PBXGroup;
			children = (
				6AFC594F28FC59F30067D4BE /* movie-app-ios.app */,
				6AFC596028FC59F40067D4BE /* movie-app-iosTests.xctest */,
				6AFC596A28FC59F40067D4BE /* movie-app-iosUITests.xctest */,
			);
			name = Products;
			sourceTree = "<group>";
		};
		6AFC595128FC59F30067D4BE /* movie-app-ios */ = {
			isa = PBXGroup;
			children = (
				6AFC595228FC59F30067D4BE /* MovieApp.swift */,
				6AFC595828FC59F40067D4BE /* movie_app_ios.entitlements */,
				6AE7E5FE28FC674D007D5F40 /* Assets */,
				6A07319529214CDD00F8675C /* Helpers */,
				6A07318129203D6700F8675C /* Networking */,
				6ACD023B291C3FB500DE331B /* Models */,
				6AE7E60128FC679E007D5F40 /* Modules */,
				6ACD0236291C3C2D00DE331B /* Components */,
				6AAACD5C291C23E200A4A0A6 /* Extensions */,
				6AE7E60228FC6802007D5F40 /* Preview Content */,
			);
			path = "movie-app-ios";
			sourceTree = "<group>";
		};
		6AFC596328FC59F40067D4BE /* movie-app-iosTests */ = {
			isa = PBXGroup;
			children = (
				6AFC596428FC59F40067D4BE /* movie_app_iosTests.swift */,
			);
			path = "movie-app-iosTests";
			sourceTree = "<group>";
		};
		6AFC596D28FC59F40067D4BE /* movie-app-iosUITests */ = {
			isa = PBXGroup;
			children = (
				6AFC596E28FC59F40067D4BE /* movie_app_iosUITests.swift */,
				6AFC597028FC59F40067D4BE /* movie_app_iosUITestsLaunchTests.swift */,
			);
			path = "movie-app-iosUITests";
			sourceTree = "<group>";
		};
/* End PBXGroup section */

/* Begin PBXNativeTarget section */
		6AFC594E28FC59F30067D4BE /* movie-app-ios */ = {
			isa = PBXNativeTarget;
			buildConfigurationList = 6AFC597428FC59F40067D4BE /* Build configuration list for PBXNativeTarget "movie-app-ios" */;
			buildPhases = (
				CCAEA67C5631805ED117689A /* [CP] Check Pods Manifest.lock */,
				6AE7E61028FC6BA0007D5F40 /* Correct SwiftLint */,
				6AE7E61228FC6BB1007D5F40 /* Run SwiftLint */,
				6AFC594B28FC59F30067D4BE /* Sources */,
				6AFC594C28FC59F30067D4BE /* Frameworks */,
				6AFC594D28FC59F30067D4BE /* Resources */,
				893C6585F1852AB5B9DE730F /* [CP] Embed Pods Frameworks */,
			);
			buildRules = (
			);
			dependencies = (
			);
			name = "movie-app-ios";
			productName = "movie-app-ios";
			productReference = 6AFC594F28FC59F30067D4BE /* movie-app-ios.app */;
			productType = "com.apple.product-type.application";
		};
		6AFC595F28FC59F40067D4BE /* movie-app-iosTests */ = {
			isa = PBXNativeTarget;
			buildConfigurationList = 6AFC597728FC59F40067D4BE /* Build configuration list for PBXNativeTarget "movie-app-iosTests" */;
			buildPhases = (
				363FD85B4BA8BBC52EC3C4B8 /* [CP] Check Pods Manifest.lock */,
				6AFC595C28FC59F40067D4BE /* Sources */,
				6AFC595D28FC59F40067D4BE /* Frameworks */,
				6AFC595E28FC59F40067D4BE /* Resources */,
			);
			buildRules = (
			);
			dependencies = (
				6AFC596228FC59F40067D4BE /* PBXTargetDependency */,
			);
			name = "movie-app-iosTests";
			productName = "movie-app-iosTests";
			productReference = 6AFC596028FC59F40067D4BE /* movie-app-iosTests.xctest */;
			productType = "com.apple.product-type.bundle.unit-test";
		};
		6AFC596928FC59F40067D4BE /* movie-app-iosUITests */ = {
			isa = PBXNativeTarget;
			buildConfigurationList = 6AFC597A28FC59F40067D4BE /* Build configuration list for PBXNativeTarget "movie-app-iosUITests" */;
			buildPhases = (
				FB497C27AAED1D703E862F23 /* [CP] Check Pods Manifest.lock */,
				6AFC596628FC59F40067D4BE /* Sources */,
				6AFC596728FC59F40067D4BE /* Frameworks */,
				6AFC596828FC59F40067D4BE /* Resources */,
				8C07B56FFBD506F0D6C5FC8D /* [CP] Embed Pods Frameworks */,
			);
			buildRules = (
			);
			dependencies = (
				6AFC596C28FC59F40067D4BE /* PBXTargetDependency */,
			);
			name = "movie-app-iosUITests";
			productName = "movie-app-iosUITests";
			productReference = 6AFC596A28FC59F40067D4BE /* movie-app-iosUITests.xctest */;
			productType = "com.apple.product-type.bundle.ui-testing";
		};
/* End PBXNativeTarget section */

/* Begin PBXProject section */
		6AFC594728FC59F30067D4BE /* Project object */ = {
			isa = PBXProject;
			attributes = {
				BuildIndependentTargetsInParallel = 1;
				LastSwiftUpdateCheck = 1400;
				LastUpgradeCheck = 1410;
				TargetAttributes = {
					6AFC594E28FC59F30067D4BE = {
						CreatedOnToolsVersion = 14.0.1;
					};
					6AFC595F28FC59F40067D4BE = {
						CreatedOnToolsVersion = 14.0.1;
						TestTargetID = 6AFC594E28FC59F30067D4BE;
					};
					6AFC596928FC59F40067D4BE = {
						CreatedOnToolsVersion = 14.0.1;
						TestTargetID = 6AFC594E28FC59F30067D4BE;
					};
				};
			};
			buildConfigurationList = 6AFC594A28FC59F30067D4BE /* Build configuration list for PBXProject "movie-app-ios" */;
			compatibilityVersion = "Xcode 14.0";
			developmentRegion = en;
			hasScannedForEncodings = 0;
			knownRegions = (
				en,
				Base,
			);
			mainGroup = 6AFC594628FC59F30067D4BE;
			productRefGroup = 6AFC595028FC59F30067D4BE /* Products */;
			projectDirPath = "";
			projectRoot = "";
			targets = (
				6AFC594E28FC59F30067D4BE /* movie-app-ios */,
				6AFC595F28FC59F40067D4BE /* movie-app-iosTests */,
				6AFC596928FC59F40067D4BE /* movie-app-iosUITests */,
			);
		};
/* End PBXProject section */

/* Begin PBXResourcesBuildPhase section */
		6AFC594D28FC59F30067D4BE /* Resources */ = {
			isa = PBXResourcesBuildPhase;
			buildActionMask = 2147483647;
			files = (
				6AAACD53291C111F00A4A0A6 /* SF-Pro-Rounded-Medium.otf in Resources */,
				6AE7E60A28FC69D1007D5F40 /* Colors.xcassets in Resources */,
				6AAACD4F291C111F00A4A0A6 /* SF-Pro-Rounded-Regular.otf in Resources */,
				6AAACD50291C111F00A4A0A6 /* SF-Pro-Rounded-Black.otf in Resources */,
				6AAACD52291C111F00A4A0A6 /* SF-Pro-Rounded-Thin.otf in Resources */,
				6AAACD51291C111F00A4A0A6 /* SF-Pro-Rounded-Light.otf in Resources */,
				6AFC595B28FC59F40067D4BE /* Preview Assets.xcassets in Resources */,
				6AE7E60028FC674D007D5F40 /* Assets.xcassets in Resources */,
				6AAACD54291C111F00A4A0A6 /* SF-Pro-Rounded-Ultralight.otf in Resources */,
				6AAACD56291C111F00A4A0A6 /* SF-Pro-Rounded-Bold.otf in Resources */,
				6AAACD55291C111F00A4A0A6 /* SF-Pro-Rounded-Heavy.otf in Resources */,
				6AAACD4E291C111F00A4A0A6 /* SF-Pro-Rounded-Semibold.otf in Resources */,
			);
			runOnlyForDeploymentPostprocessing = 0;
		};
		6AFC595E28FC59F40067D4BE /* Resources */ = {
			isa = PBXResourcesBuildPhase;
			buildActionMask = 2147483647;
			files = (
			);
			runOnlyForDeploymentPostprocessing = 0;
		};
		6AFC596828FC59F40067D4BE /* Resources */ = {
			isa = PBXResourcesBuildPhase;
			buildActionMask = 2147483647;
			files = (
			);
			runOnlyForDeploymentPostprocessing = 0;
		};
/* End PBXResourcesBuildPhase section */

/* Begin PBXShellScriptBuildPhase section */
		363FD85B4BA8BBC52EC3C4B8 /* [CP] Check Pods Manifest.lock */ = {
			isa = PBXShellScriptBuildPhase;
			buildActionMask = 2147483647;
			files = (
			);
			inputFileListPaths = (
			);
			inputPaths = (
				"${PODS_PODFILE_DIR_PATH}/Podfile.lock",
				"${PODS_ROOT}/Manifest.lock",
			);
			name = "[CP] Check Pods Manifest.lock";
			outputFileListPaths = (
			);
			outputPaths = (
				"$(DERIVED_FILE_DIR)/Pods-movie-app-iosTests-checkManifestLockResult.txt",
			);
			runOnlyForDeploymentPostprocessing = 0;
			shellPath = /bin/sh;
			shellScript = "diff \"${PODS_PODFILE_DIR_PATH}/Podfile.lock\" \"${PODS_ROOT}/Manifest.lock\" > /dev/null\nif [ $? != 0 ] ; then\n    # print error to STDERR\n    echo \"error: The sandbox is not in sync with the Podfile.lock. Run 'pod install' or update your CocoaPods installation.\" >&2\n    exit 1\nfi\n# This output is used by Xcode 'outputs' to avoid re-running this script phase.\necho \"SUCCESS\" > \"${SCRIPT_OUTPUT_FILE_0}\"\n";
			showEnvVarsInLog = 0;
		};
		6AE7E61028FC6BA0007D5F40 /* Correct SwiftLint */ = {
			isa = PBXShellScriptBuildPhase;
			buildActionMask = 2147483647;
			files = (
			);
			inputFileListPaths = (
			);
			inputPaths = (
			);
			name = "Correct SwiftLint";
			outputFileListPaths = (
			);
			outputPaths = (
			);
			runOnlyForDeploymentPostprocessing = 0;
			shellPath = /bin/sh;
			shellScript = "\"${PODS_ROOT}/SwiftLint/swiftlint\" --fix\n";
		};
		6AE7E61228FC6BB1007D5F40 /* Run SwiftLint */ = {
			isa = PBXShellScriptBuildPhase;
			buildActionMask = 2147483647;
			files = (
			);
			inputFileListPaths = (
			);
			inputPaths = (
			);
			name = "Run SwiftLint";
			outputFileListPaths = (
			);
			outputPaths = (
			);
			runOnlyForDeploymentPostprocessing = 0;
			shellPath = /bin/sh;
			shellScript = "#!/bin/bash\n\"${PODS_ROOT}/SwiftLint/swiftlint\"\n";
		};
		893C6585F1852AB5B9DE730F /* [CP] Embed Pods Frameworks */ = {
			isa = PBXShellScriptBuildPhase;
			buildActionMask = 2147483647;
			files = (
			);
			inputFileListPaths = (
				"${PODS_ROOT}/Target Support Files/Pods-movie-app-ios/Pods-movie-app-ios-frameworks-${CONFIGURATION}-input-files.xcfilelist",
			);
			name = "[CP] Embed Pods Frameworks";
			outputFileListPaths = (
				"${PODS_ROOT}/Target Support Files/Pods-movie-app-ios/Pods-movie-app-ios-frameworks-${CONFIGURATION}-output-files.xcfilelist",
			);
			runOnlyForDeploymentPostprocessing = 0;
			shellPath = /bin/sh;
			shellScript = "\"${PODS_ROOT}/Target Support Files/Pods-movie-app-ios/Pods-movie-app-ios-frameworks.sh\"\n";
			showEnvVarsInLog = 0;
		};
		8C07B56FFBD506F0D6C5FC8D /* [CP] Embed Pods Frameworks */ = {
			isa = PBXShellScriptBuildPhase;
			buildActionMask = 2147483647;
			files = (
			);
			inputFileListPaths = (
				"${PODS_ROOT}/Target Support Files/Pods-movie-app-ios-movie-app-iosUITests/Pods-movie-app-ios-movie-app-iosUITests-frameworks-${CONFIGURATION}-input-files.xcfilelist",
			);
			name = "[CP] Embed Pods Frameworks";
			outputFileListPaths = (
				"${PODS_ROOT}/Target Support Files/Pods-movie-app-ios-movie-app-iosUITests/Pods-movie-app-ios-movie-app-iosUITests-frameworks-${CONFIGURATION}-output-files.xcfilelist",
			);
			runOnlyForDeploymentPostprocessing = 0;
			shellPath = /bin/sh;
			shellScript = "\"${PODS_ROOT}/Target Support Files/Pods-movie-app-ios-movie-app-iosUITests/Pods-movie-app-ios-movie-app-iosUITests-frameworks.sh\"\n";
			showEnvVarsInLog = 0;
		};
		CCAEA67C5631805ED117689A /* [CP] Check Pods Manifest.lock */ = {
			isa = PBXShellScriptBuildPhase;
			buildActionMask = 2147483647;
			files = (
			);
			inputFileListPaths = (
			);
			inputPaths = (
				"${PODS_PODFILE_DIR_PATH}/Podfile.lock",
				"${PODS_ROOT}/Manifest.lock",
			);
			name = "[CP] Check Pods Manifest.lock";
			outputFileListPaths = (
			);
			outputPaths = (
				"$(DERIVED_FILE_DIR)/Pods-movie-app-ios-checkManifestLockResult.txt",
			);
			runOnlyForDeploymentPostprocessing = 0;
			shellPath = /bin/sh;
			shellScript = "diff \"${PODS_PODFILE_DIR_PATH}/Podfile.lock\" \"${PODS_ROOT}/Manifest.lock\" > /dev/null\nif [ $? != 0 ] ; then\n    # print error to STDERR\n    echo \"error: The sandbox is not in sync with the Podfile.lock. Run 'pod install' or update your CocoaPods installation.\" >&2\n    exit 1\nfi\n# This output is used by Xcode 'outputs' to avoid re-running this script phase.\necho \"SUCCESS\" > \"${SCRIPT_OUTPUT_FILE_0}\"\n";
			showEnvVarsInLog = 0;
		};
		FB497C27AAED1D703E862F23 /* [CP] Check Pods Manifest.lock */ = {
			isa = PBXShellScriptBuildPhase;
			buildActionMask = 2147483647;
			files = (
			);
			inputFileListPaths = (
			);
			inputPaths = (
				"${PODS_PODFILE_DIR_PATH}/Podfile.lock",
				"${PODS_ROOT}/Manifest.lock",
			);
			name = "[CP] Check Pods Manifest.lock";
			outputFileListPaths = (
			);
			outputPaths = (
				"$(DERIVED_FILE_DIR)/Pods-movie-app-ios-movie-app-iosUITests-checkManifestLockResult.txt",
			);
			runOnlyForDeploymentPostprocessing = 0;
			shellPath = /bin/sh;
			shellScript = "diff \"${PODS_PODFILE_DIR_PATH}/Podfile.lock\" \"${PODS_ROOT}/Manifest.lock\" > /dev/null\nif [ $? != 0 ] ; then\n    # print error to STDERR\n    echo \"error: The sandbox is not in sync with the Podfile.lock. Run 'pod install' or update your CocoaPods installation.\" >&2\n    exit 1\nfi\n# This output is used by Xcode 'outputs' to avoid re-running this script phase.\necho \"SUCCESS\" > \"${SCRIPT_OUTPUT_FILE_0}\"\n";
			showEnvVarsInLog = 0;
		};
/* End PBXShellScriptBuildPhase section */

/* Begin PBXSourcesBuildPhase section */
		6AFC594B28FC59F30067D4BE /* Sources */ = {
			isa = PBXSourcesBuildPhase;
			buildActionMask = 2147483647;
			files = (
				6AE7E60728FC6897007D5F40 /* LandingScreen.swift in Sources */,
				6AE7E61828FC7047007D5F40 /* Assets.swift in Sources */,
				6A44AE3F292D8F33005A25C4 /* PreferencesScreen.swift in Sources */,
				6A07318A292044F300F8675C /* AppError.swift in Sources */,
				6A0731922921231A00F8675C /* Movie.swift in Sources */,
				6A7274DF2939455A002E5172 /* DefaultsHelper.swift in Sources */,
				6A0731902921229C00F8675C /* Genre.swift in Sources */,
				6ACD023A291C3EB300DE331B /* HomeViewModel.swift in Sources */,
				6A07317E291EB2CB00F8675C /* UIScreen+Extensions.swift in Sources */,
				6AFC595328FC59F30067D4BE /* MovieApp.swift in Sources */,
				6AAACD5E291C23F600A4A0A6 /* View+Extensions.swift in Sources */,
				6A07319929214EA700F8675C /* RegistrationViewModel.swift in Sources */,
				6A0731882920447100F8675C /* RegisterParameters.swift in Sources */,
				6A07318329203E9600F8675C /* APIService.swift in Sources */,
				6ACD0235291C35FD00DE331B /* HomeScreen.swift in Sources */,
				6A44AE41292D9611005A25C4 /* ProfileViewModel.swift in Sources */,
				6A670E0429373AB200894D38 /* FilmDetailsViewModel.swift in Sources */,
				6A07317C291EA21D00F8675C /* FilmDetails.swift in Sources */,
				6A0731942921277000F8675C /* LoginViewModel.swift in Sources */,
				6AAACD60291C24DF00A4A0A6 /* LoginScreen.swift in Sources */,
				6A670E0629373C2D00894D38 /* PreferencesViewModel.swift in Sources */,
				6ACD023D291C3FC200DE331B /* Film.swift in Sources */,
				6AAACD58291C11D100A4A0A6 /* Fonts.swift in Sources */,
				6A44AE35292D83EA005A25C4 /* PrimaryButton.swift in Sources */,
				6A44AE3D292D8F2C005A25C4 /* ProfileScreen.swift in Sources */,
				6A073180291EB9DE00F8675C /* Navigator.swift in Sources */,
				6A073186292040B200F8675C /* LoginParameters.swift in Sources */,
				6A07319729214D0400F8675C /* KeychainHelper.swift in Sources */,
				6ACD0238291C3C4E00DE331B /* FilmCarousel.swift in Sources */,
				6AAACD65291C32F500A4A0A6 /* RegistrationScreen.swift in Sources */,
				6AAACD40291ADD4400A4A0A6 /* AppConstants.swift in Sources */,
				6A07318C29204D9C00F8675C /* AppToken.swift in Sources */,
				6A07318E2921225400F8675C /* User.swift in Sources */,
				6A44AE37292D8AEE005A25C4 /* TextInput.swift in Sources */,
				6A44AE39292D8D97005A25C4 /* SecuredTextInput.swift in Sources */,
			);
			runOnlyForDeploymentPostprocessing = 0;
		};
		6AFC595C28FC59F40067D4BE /* Sources */ = {
			isa = PBXSourcesBuildPhase;
			buildActionMask = 2147483647;
			files = (
				6AFC596528FC59F40067D4BE /* movie_app_iosTests.swift in Sources */,
			);
			runOnlyForDeploymentPostprocessing = 0;
		};
		6AFC596628FC59F40067D4BE /* Sources */ = {
			isa = PBXSourcesBuildPhase;
			buildActionMask = 2147483647;
			files = (
				6AFC596F28FC59F40067D4BE /* movie_app_iosUITests.swift in Sources */,
				6AFC597128FC59F40067D4BE /* movie_app_iosUITestsLaunchTests.swift in Sources */,
			);
			runOnlyForDeploymentPostprocessing = 0;
		};
/* End PBXSourcesBuildPhase section */

/* Begin PBXTargetDependency section */
		6AFC596228FC59F40067D4BE /* PBXTargetDependency */ = {
			isa = PBXTargetDependency;
			target = 6AFC594E28FC59F30067D4BE /* movie-app-ios */;
			targetProxy = 6AFC596128FC59F40067D4BE /* PBXContainerItemProxy */;
		};
		6AFC596C28FC59F40067D4BE /* PBXTargetDependency */ = {
			isa = PBXTargetDependency;
			target = 6AFC594E28FC59F30067D4BE /* movie-app-ios */;
			targetProxy = 6AFC596B28FC59F40067D4BE /* PBXContainerItemProxy */;
		};
/* End PBXTargetDependency section */

/* Begin XCBuildConfiguration section */
		6AFC597228FC59F40067D4BE /* Debug */ = {
			isa = XCBuildConfiguration;
			buildSettings = {
				ALWAYS_SEARCH_USER_PATHS = NO;
				CLANG_ANALYZER_NONNULL = YES;
				CLANG_ANALYZER_NUMBER_OBJECT_CONVERSION = YES_AGGRESSIVE;
				CLANG_CXX_LANGUAGE_STANDARD = "gnu++20";
				CLANG_ENABLE_MODULES = YES;
				CLANG_ENABLE_OBJC_ARC = YES;
				CLANG_ENABLE_OBJC_WEAK = YES;
				CLANG_WARN_BLOCK_CAPTURE_AUTORELEASING = YES;
				CLANG_WARN_BOOL_CONVERSION = YES;
				CLANG_WARN_COMMA = YES;
				CLANG_WARN_CONSTANT_CONVERSION = YES;
				CLANG_WARN_DEPRECATED_OBJC_IMPLEMENTATIONS = YES;
				CLANG_WARN_DIRECT_OBJC_ISA_USAGE = YES_ERROR;
				CLANG_WARN_DOCUMENTATION_COMMENTS = YES;
				CLANG_WARN_EMPTY_BODY = YES;
				CLANG_WARN_ENUM_CONVERSION = YES;
				CLANG_WARN_INFINITE_RECURSION = YES;
				CLANG_WARN_INT_CONVERSION = YES;
				CLANG_WARN_NON_LITERAL_NULL_CONVERSION = YES;
				CLANG_WARN_OBJC_IMPLICIT_RETAIN_SELF = YES;
				CLANG_WARN_OBJC_LITERAL_CONVERSION = YES;
				CLANG_WARN_OBJC_ROOT_CLASS = YES_ERROR;
				CLANG_WARN_QUOTED_INCLUDE_IN_FRAMEWORK_HEADER = YES;
				CLANG_WARN_RANGE_LOOP_ANALYSIS = YES;
				CLANG_WARN_STRICT_PROTOTYPES = YES;
				CLANG_WARN_SUSPICIOUS_MOVE = YES;
				CLANG_WARN_UNGUARDED_AVAILABILITY = YES_AGGRESSIVE;
				CLANG_WARN_UNREACHABLE_CODE = YES;
				CLANG_WARN__DUPLICATE_METHOD_MATCH = YES;
				COPY_PHASE_STRIP = NO;
				DEAD_CODE_STRIPPING = YES;
				DEBUG_INFORMATION_FORMAT = dwarf;
				ENABLE_STRICT_OBJC_MSGSEND = YES;
				ENABLE_TESTABILITY = YES;
				GCC_C_LANGUAGE_STANDARD = gnu11;
				GCC_DYNAMIC_NO_PIC = NO;
				GCC_NO_COMMON_BLOCKS = YES;
				GCC_OPTIMIZATION_LEVEL = 0;
				GCC_PREPROCESSOR_DEFINITIONS = (
					"DEBUG=1",
					"$(inherited)",
				);
				GCC_WARN_64_TO_32_BIT_CONVERSION = YES;
				GCC_WARN_ABOUT_RETURN_TYPE = YES_ERROR;
				GCC_WARN_UNDECLARED_SELECTOR = YES;
				GCC_WARN_UNINITIALIZED_AUTOS = YES_AGGRESSIVE;
				GCC_WARN_UNUSED_FUNCTION = YES;
				GCC_WARN_UNUSED_VARIABLE = YES;
				IPHONEOS_DEPLOYMENT_TARGET = 15.0;
				MTL_ENABLE_DEBUG_INFO = INCLUDE_SOURCE;
				MTL_FAST_MATH = YES;
				ONLY_ACTIVE_ARCH = YES;
				SWIFT_ACTIVE_COMPILATION_CONDITIONS = DEBUG;
				SWIFT_OPTIMIZATION_LEVEL = "-Onone";
			};
			name = Debug;
		};
		6AFC597328FC59F40067D4BE /* Release */ = {
			isa = XCBuildConfiguration;
			buildSettings = {
				ALWAYS_SEARCH_USER_PATHS = NO;
				CLANG_ANALYZER_NONNULL = YES;
				CLANG_ANALYZER_NUMBER_OBJECT_CONVERSION = YES_AGGRESSIVE;
				CLANG_CXX_LANGUAGE_STANDARD = "gnu++20";
				CLANG_ENABLE_MODULES = YES;
				CLANG_ENABLE_OBJC_ARC = YES;
				CLANG_ENABLE_OBJC_WEAK = YES;
				CLANG_WARN_BLOCK_CAPTURE_AUTORELEASING = YES;
				CLANG_WARN_BOOL_CONVERSION = YES;
				CLANG_WARN_COMMA = YES;
				CLANG_WARN_CONSTANT_CONVERSION = YES;
				CLANG_WARN_DEPRECATED_OBJC_IMPLEMENTATIONS = YES;
				CLANG_WARN_DIRECT_OBJC_ISA_USAGE = YES_ERROR;
				CLANG_WARN_DOCUMENTATION_COMMENTS = YES;
				CLANG_WARN_EMPTY_BODY = YES;
				CLANG_WARN_ENUM_CONVERSION = YES;
				CLANG_WARN_INFINITE_RECURSION = YES;
				CLANG_WARN_INT_CONVERSION = YES;
				CLANG_WARN_NON_LITERAL_NULL_CONVERSION = YES;
				CLANG_WARN_OBJC_IMPLICIT_RETAIN_SELF = YES;
				CLANG_WARN_OBJC_LITERAL_CONVERSION = YES;
				CLANG_WARN_OBJC_ROOT_CLASS = YES_ERROR;
				CLANG_WARN_QUOTED_INCLUDE_IN_FRAMEWORK_HEADER = YES;
				CLANG_WARN_RANGE_LOOP_ANALYSIS = YES;
				CLANG_WARN_STRICT_PROTOTYPES = YES;
				CLANG_WARN_SUSPICIOUS_MOVE = YES;
				CLANG_WARN_UNGUARDED_AVAILABILITY = YES_AGGRESSIVE;
				CLANG_WARN_UNREACHABLE_CODE = YES;
				CLANG_WARN__DUPLICATE_METHOD_MATCH = YES;
				COPY_PHASE_STRIP = NO;
				DEAD_CODE_STRIPPING = YES;
				DEBUG_INFORMATION_FORMAT = "dwarf-with-dsym";
				ENABLE_NS_ASSERTIONS = NO;
				ENABLE_STRICT_OBJC_MSGSEND = YES;
				GCC_C_LANGUAGE_STANDARD = gnu11;
				GCC_NO_COMMON_BLOCKS = YES;
				GCC_WARN_64_TO_32_BIT_CONVERSION = YES;
				GCC_WARN_ABOUT_RETURN_TYPE = YES_ERROR;
				GCC_WARN_UNDECLARED_SELECTOR = YES;
				GCC_WARN_UNINITIALIZED_AUTOS = YES_AGGRESSIVE;
				GCC_WARN_UNUSED_FUNCTION = YES;
				GCC_WARN_UNUSED_VARIABLE = YES;
				IPHONEOS_DEPLOYMENT_TARGET = 15.0;
				MTL_ENABLE_DEBUG_INFO = NO;
				MTL_FAST_MATH = YES;
				SWIFT_COMPILATION_MODE = wholemodule;
				SWIFT_OPTIMIZATION_LEVEL = "-O";
			};
			name = Release;
		};
		6AFC597528FC59F40067D4BE /* Debug */ = {
			isa = XCBuildConfiguration;
			baseConfigurationReference = F4AB03E0F43BE6CFED1E9512 /* Pods-movie-app-ios.debug.xcconfig */;
			buildSettings = {
				ASSETCATALOG_COMPILER_APPICON_NAME = AppIcon;
				ASSETCATALOG_COMPILER_GLOBAL_ACCENT_COLOR_NAME = AccentColor;
				CODE_SIGN_ENTITLEMENTS = "movie-app-ios/movie_app_ios.entitlements";
				CODE_SIGN_IDENTITY = "-";
				CODE_SIGN_STYLE = Automatic;
				CURRENT_PROJECT_VERSION = 1;
				DEAD_CODE_STRIPPING = YES;
				DEVELOPMENT_ASSET_PATHS = "\"movie-app-ios/Preview Content\"";
				DEVELOPMENT_TEAM = PQ2YW6R3NC;
				ENABLE_HARDENED_RUNTIME = YES;
				ENABLE_PREVIEWS = YES;
				GENERATE_INFOPLIST_FILE = YES;
				INFOPLIST_KEY_LSApplicationCategoryType = "public.app-category.entertainment";
				"INFOPLIST_KEY_UIApplicationSceneManifest_Generation[sdk=iphoneos*]" = YES;
				"INFOPLIST_KEY_UIApplicationSceneManifest_Generation[sdk=iphonesimulator*]" = YES;
				"INFOPLIST_KEY_UIApplicationSupportsIndirectInputEvents[sdk=iphoneos*]" = YES;
				"INFOPLIST_KEY_UIApplicationSupportsIndirectInputEvents[sdk=iphonesimulator*]" = YES;
				"INFOPLIST_KEY_UILaunchScreen_Generation[sdk=iphoneos*]" = YES;
				"INFOPLIST_KEY_UILaunchScreen_Generation[sdk=iphonesimulator*]" = YES;
				"INFOPLIST_KEY_UIStatusBarStyle[sdk=iphoneos*]" = UIStatusBarStyleDefault;
				"INFOPLIST_KEY_UIStatusBarStyle[sdk=iphonesimulator*]" = UIStatusBarStyleDefault;
				INFOPLIST_KEY_UISupportedInterfaceOrientations_iPad = "UIInterfaceOrientationPortrait UIInterfaceOrientationPortraitUpsideDown UIInterfaceOrientationLandscapeLeft UIInterfaceOrientationLandscapeRight";
				INFOPLIST_KEY_UISupportedInterfaceOrientations_iPhone = "UIInterfaceOrientationPortrait UIInterfaceOrientationLandscapeLeft UIInterfaceOrientationLandscapeRight";
				IPHONEOS_DEPLOYMENT_TARGET = 15.0;
				LD_RUNPATH_SEARCH_PATHS = "@executable_path/Frameworks";
				"LD_RUNPATH_SEARCH_PATHS[sdk=macosx*]" = "@executable_path/../Frameworks";
				MACOSX_DEPLOYMENT_TARGET = 12.3;
				MARKETING_VERSION = 1.0;
				PRODUCT_BUNDLE_IDENTIFIER = "rey.movie-app-ios";
				PRODUCT_NAME = "$(TARGET_NAME)";
				SDKROOT = auto;
				SUPPORTED_PLATFORMS = "iphoneos iphonesimulator macosx";
				SWIFT_EMIT_LOC_STRINGS = YES;
				SWIFT_VERSION = 5.0;
				TARGETED_DEVICE_FAMILY = "1,2";
			};
			name = Debug;
		};
		6AFC597628FC59F40067D4BE /* Release */ = {
			isa = XCBuildConfiguration;
			baseConfigurationReference = CDC4067D2C8B37417E496AA3 /* Pods-movie-app-ios.release.xcconfig */;
			buildSettings = {
				ASSETCATALOG_COMPILER_APPICON_NAME = AppIcon;
				ASSETCATALOG_COMPILER_GLOBAL_ACCENT_COLOR_NAME = AccentColor;
				CODE_SIGN_ENTITLEMENTS = "movie-app-ios/movie_app_ios.entitlements";
				CODE_SIGN_IDENTITY = "-";
				CODE_SIGN_STYLE = Automatic;
				CURRENT_PROJECT_VERSION = 1;
				DEAD_CODE_STRIPPING = YES;
				DEVELOPMENT_ASSET_PATHS = "\"movie-app-ios/Preview Content\"";
				DEVELOPMENT_TEAM = PQ2YW6R3NC;
				ENABLE_HARDENED_RUNTIME = YES;
				ENABLE_PREVIEWS = YES;
				GENERATE_INFOPLIST_FILE = YES;
				INFOPLIST_KEY_LSApplicationCategoryType = "public.app-category.entertainment";
				"INFOPLIST_KEY_UIApplicationSceneManifest_Generation[sdk=iphoneos*]" = YES;
				"INFOPLIST_KEY_UIApplicationSceneManifest_Generation[sdk=iphonesimulator*]" = YES;
				"INFOPLIST_KEY_UIApplicationSupportsIndirectInputEvents[sdk=iphoneos*]" = YES;
				"INFOPLIST_KEY_UIApplicationSupportsIndirectInputEvents[sdk=iphonesimulator*]" = YES;
				"INFOPLIST_KEY_UILaunchScreen_Generation[sdk=iphoneos*]" = YES;
				"INFOPLIST_KEY_UILaunchScreen_Generation[sdk=iphonesimulator*]" = YES;
				"INFOPLIST_KEY_UIStatusBarStyle[sdk=iphoneos*]" = UIStatusBarStyleDefault;
				"INFOPLIST_KEY_UIStatusBarStyle[sdk=iphonesimulator*]" = UIStatusBarStyleDefault;
				INFOPLIST_KEY_UISupportedInterfaceOrientations_iPad = "UIInterfaceOrientationPortrait UIInterfaceOrientationPortraitUpsideDown UIInterfaceOrientationLandscapeLeft UIInterfaceOrientationLandscapeRight";
				INFOPLIST_KEY_UISupportedInterfaceOrientations_iPhone = "UIInterfaceOrientationPortrait UIInterfaceOrientationLandscapeLeft UIInterfaceOrientationLandscapeRight";
				IPHONEOS_DEPLOYMENT_TARGET = 15.0;
				LD_RUNPATH_SEARCH_PATHS = "@executable_path/Frameworks";
				"LD_RUNPATH_SEARCH_PATHS[sdk=macosx*]" = "@executable_path/../Frameworks";
				MACOSX_DEPLOYMENT_TARGET = 12.3;
				MARKETING_VERSION = 1.0;
				PRODUCT_BUNDLE_IDENTIFIER = "rey.movie-app-ios";
				PRODUCT_NAME = "$(TARGET_NAME)";
				SDKROOT = auto;
				SUPPORTED_PLATFORMS = "iphoneos iphonesimulator macosx";
				SWIFT_EMIT_LOC_STRINGS = YES;
				SWIFT_VERSION = 5.0;
				TARGETED_DEVICE_FAMILY = "1,2";
			};
			name = Release;
		};
		6AFC597828FC59F40067D4BE /* Debug */ = {
			isa = XCBuildConfiguration;
			baseConfigurationReference = 8FCE720949847D9E28FD25F9 /* Pods-movie-app-iosTests.debug.xcconfig */;
			buildSettings = {
				ALWAYS_EMBED_SWIFT_STANDARD_LIBRARIES = YES;
				BUNDLE_LOADER = "$(TEST_HOST)";
				CODE_SIGN_STYLE = Automatic;
				CURRENT_PROJECT_VERSION = 1;
				DEAD_CODE_STRIPPING = YES;
				DEVELOPMENT_TEAM = PQ2YW6R3NC;
				GENERATE_INFOPLIST_FILE = YES;
				IPHONEOS_DEPLOYMENT_TARGET = 16.0;
				MACOSX_DEPLOYMENT_TARGET = 12.3;
				MARKETING_VERSION = 1.0;
				PRODUCT_BUNDLE_IDENTIFIER = "rey.movie-app-iosTests";
				PRODUCT_NAME = "$(TARGET_NAME)";
				SDKROOT = auto;
				SUPPORTED_PLATFORMS = "iphoneos iphonesimulator macosx";
				SWIFT_EMIT_LOC_STRINGS = NO;
				SWIFT_VERSION = 5.0;
				TARGETED_DEVICE_FAMILY = "1,2";
				TEST_HOST = "$(BUILT_PRODUCTS_DIR)/movie-app-ios.app/$(BUNDLE_EXECUTABLE_FOLDER_PATH)/movie-app-ios";
			};
			name = Debug;
		};
		6AFC597928FC59F40067D4BE /* Release */ = {
			isa = XCBuildConfiguration;
			baseConfigurationReference = 2739BD8EF98AB51F43CCB806 /* Pods-movie-app-iosTests.release.xcconfig */;
			buildSettings = {
				ALWAYS_EMBED_SWIFT_STANDARD_LIBRARIES = YES;
				BUNDLE_LOADER = "$(TEST_HOST)";
				CODE_SIGN_STYLE = Automatic;
				CURRENT_PROJECT_VERSION = 1;
				DEAD_CODE_STRIPPING = YES;
				DEVELOPMENT_TEAM = PQ2YW6R3NC;
				GENERATE_INFOPLIST_FILE = YES;
				IPHONEOS_DEPLOYMENT_TARGET = 16.0;
				MACOSX_DEPLOYMENT_TARGET = 12.3;
				MARKETING_VERSION = 1.0;
				PRODUCT_BUNDLE_IDENTIFIER = "rey.movie-app-iosTests";
				PRODUCT_NAME = "$(TARGET_NAME)";
				SDKROOT = auto;
				SUPPORTED_PLATFORMS = "iphoneos iphonesimulator macosx";
				SWIFT_EMIT_LOC_STRINGS = NO;
				SWIFT_VERSION = 5.0;
				TARGETED_DEVICE_FAMILY = "1,2";
				TEST_HOST = "$(BUILT_PRODUCTS_DIR)/movie-app-ios.app/$(BUNDLE_EXECUTABLE_FOLDER_PATH)/movie-app-ios";
			};
			name = Release;
		};
		6AFC597B28FC59F40067D4BE /* Debug */ = {
			isa = XCBuildConfiguration;
			baseConfigurationReference = DEA9F80E306014D0E9A0A8E9 /* Pods-movie-app-ios-movie-app-iosUITests.debug.xcconfig */;
			buildSettings = {
				ALWAYS_EMBED_SWIFT_STANDARD_LIBRARIES = YES;
				CODE_SIGN_STYLE = Automatic;
				CURRENT_PROJECT_VERSION = 1;
				DEAD_CODE_STRIPPING = YES;
				DEVELOPMENT_TEAM = PQ2YW6R3NC;
				GENERATE_INFOPLIST_FILE = YES;
				IPHONEOS_DEPLOYMENT_TARGET = 16.0;
				MACOSX_DEPLOYMENT_TARGET = 12.3;
				MARKETING_VERSION = 1.0;
				PRODUCT_BUNDLE_IDENTIFIER = "rey.movie-app-iosUITests";
				PRODUCT_NAME = "$(TARGET_NAME)";
				SDKROOT = auto;
				SUPPORTED_PLATFORMS = "iphoneos iphonesimulator macosx";
				SWIFT_EMIT_LOC_STRINGS = NO;
				SWIFT_VERSION = 5.0;
				TARGETED_DEVICE_FAMILY = "1,2";
				TEST_TARGET_NAME = "movie-app-ios";
			};
			name = Debug;
		};
		6AFC597C28FC59F40067D4BE /* Release */ = {
			isa = XCBuildConfiguration;
			baseConfigurationReference = 6CB3B2AF02171FDBD03914AE /* Pods-movie-app-ios-movie-app-iosUITests.release.xcconfig */;
			buildSettings = {
				ALWAYS_EMBED_SWIFT_STANDARD_LIBRARIES = YES;
				CODE_SIGN_STYLE = Automatic;
				CURRENT_PROJECT_VERSION = 1;
				DEAD_CODE_STRIPPING = YES;
				DEVELOPMENT_TEAM = PQ2YW6R3NC;
				GENERATE_INFOPLIST_FILE = YES;
				IPHONEOS_DEPLOYMENT_TARGET = 16.0;
				MACOSX_DEPLOYMENT_TARGET = 12.3;
				MARKETING_VERSION = 1.0;
				PRODUCT_BUNDLE_IDENTIFIER = "rey.movie-app-iosUITests";
				PRODUCT_NAME = "$(TARGET_NAME)";
				SDKROOT = auto;
				SUPPORTED_PLATFORMS = "iphoneos iphonesimulator macosx";
				SWIFT_EMIT_LOC_STRINGS = NO;
				SWIFT_VERSION = 5.0;
				TARGETED_DEVICE_FAMILY = "1,2";
				TEST_TARGET_NAME = "movie-app-ios";
			};
			name = Release;
		};
/* End XCBuildConfiguration section */

/* Begin XCConfigurationList section */
		6AFC594A28FC59F30067D4BE /* Build configuration list for PBXProject "movie-app-ios" */ = {
			isa = XCConfigurationList;
			buildConfigurations = (
				6AFC597228FC59F40067D4BE /* Debug */,
				6AFC597328FC59F40067D4BE /* Release */,
			);
			defaultConfigurationIsVisible = 0;
			defaultConfigurationName = Release;
		};
		6AFC597428FC59F40067D4BE /* Build configuration list for PBXNativeTarget "movie-app-ios" */ = {
			isa = XCConfigurationList;
			buildConfigurations = (
				6AFC597528FC59F40067D4BE /* Debug */,
				6AFC597628FC59F40067D4BE /* Release */,
			);
			defaultConfigurationIsVisible = 0;
			defaultConfigurationName = Release;
		};
		6AFC597728FC59F40067D4BE /* Build configuration list for PBXNativeTarget "movie-app-iosTests" */ = {
			isa = XCConfigurationList;
			buildConfigurations = (
				6AFC597828FC59F40067D4BE /* Debug */,
				6AFC597928FC59F40067D4BE /* Release */,
			);
			defaultConfigurationIsVisible = 0;
			defaultConfigurationName = Release;
		};
		6AFC597A28FC59F40067D4BE /* Build configuration list for PBXNativeTarget "movie-app-iosUITests" */ = {
			isa = XCConfigurationList;
			buildConfigurations = (
				6AFC597B28FC59F40067D4BE /* Debug */,
				6AFC597C28FC59F40067D4BE /* Release */,
			);
			defaultConfigurationIsVisible = 0;
			defaultConfigurationName = Release;
		};
/* End XCConfigurationList section */
	};
	rootObject = 6AFC594728FC59F30067D4BE /* Project object */;
}
